{
  "version": 4,
  "terraform_version": "0.12.26",
  "serial": 18,
  "lineage": "1a1641a7-9fa9-834d-8a56-35453e136082",
  "outputs": {},
  "resources": [
    {
      "mode": "managed",
      "type": "aws_eip",
      "name": "lb",
      "provider": "provider.aws",
      "instances": [
        {
          "schema_version": 0,
          "attributes": {
            "allocation_id": null,
            "associate_with_private_ip": null,
            "association_id": "",
            "customer_owned_ip": "",
            "customer_owned_ipv4_pool": "",
            "domain": "vpc",
            "id": "eipalloc-0e84a04816c54afa1",
            "instance": "",
            "network_interface": "",
            "private_dns": null,
            "private_ip": "",
            "public_dns": "ec2-15-207-52-248.ap-south-1.compute.amazonaws.com",
            "public_ip": "15.207.52.248",
            "public_ipv4_pool": "amazon",
            "tags": null,
            "timeouts": null,
            "vpc": true
          },
          "private": "eyJlMmJmYjczMC1lY2FhLTExZTYtOGY4OC0zNDM2M2JjN2M0YzAiOnsiZGVsZXRlIjoxODAwMDAwMDAwMDAsInJlYWQiOjkwMDAwMDAwMDAwMCwidXBkYXRlIjozMDAwMDAwMDAwMDB9fQ==",
          "dependencies": [
            "aws_internet_gateway.gw",
            "aws_vpc.main"
          ]
        }
      ]
    },
    {
      "mode": "managed",
      "type": "aws_instance",
      "name": "mysql",
      "provider": "provider.aws",
      "instances": [
        {
          "schema_version": 1,
          "attributes": {
            "ami": "ami-0447a12f28fddb066",
            "arn": "arn:aws:ec2:ap-south-1:173168492248:instance/i-0c7bf878d78f5364a",
            "associate_public_ip_address": false,
            "availability_zone": "ap-south-1b",
            "cpu_core_count": 1,
            "cpu_threads_per_core": 1,
            "credit_specification": [
              {
                "cpu_credits": "standard"
              }
            ],
            "disable_api_termination": false,
            "ebs_block_device": [],
            "ebs_optimized": false,
            "ephemeral_block_device": [],
            "get_password_data": false,
            "hibernation": false,
            "host_id": null,
            "iam_instance_profile": "",
            "id": "i-0c7bf878d78f5364a",
            "instance_initiated_shutdown_behavior": null,
            "instance_state": "running",
            "instance_type": "t2.micro",
            "ipv6_address_count": 0,
            "ipv6_addresses": [],
            "key_name": "terraform-20200717061403311700000001",
            "metadata_options": [
              {
                "http_endpoint": "enabled",
                "http_put_response_hop_limit": 1,
                "http_tokens": "optional"
              }
            ],
            "monitoring": false,
            "network_interface": [],
            "network_interface_id": null,
            "outpost_arn": "",
            "password_data": "",
            "placement_group": "",
            "primary_network_interface_id": "eni-00a44fb4cdf696530",
            "private_dns": "ip-192-168-2-24.ap-south-1.compute.internal",
            "private_ip": "192.168.2.24",
            "public_dns": "",
            "public_ip": "",
            "root_block_device": [
              {
                "delete_on_termination": true,
                "device_name": "/dev/xvda",
                "encrypted": false,
                "iops": 100,
                "kms_key_id": "",
                "volume_id": "vol-020fc21d467e43a4d",
                "volume_size": 8,
                "volume_type": "gp2"
              }
            ],
            "security_groups": [],
            "source_dest_check": true,
            "subnet_id": "subnet-0a78b251531fc136f",
            "tags": {
              "Name": "Myfirstos"
            },
            "tenancy": "default",
            "timeouts": null,
            "user_data": null,
            "user_data_base64": null,
            "volume_tags": {},
            "vpc_security_group_ids": [
              "sg-050aafa614db4a8cd"
            ]
          },
          "private": "eyJlMmJmYjczMC1lY2FhLTExZTYtOGY4OC0zNDM2M2JjN2M0YzAiOnsiY3JlYXRlIjo2MDAwMDAwMDAwMDAsImRlbGV0ZSI6MTIwMDAwMDAwMDAwMCwidXBkYXRlIjo2MDAwMDAwMDAwMDB9LCJzY2hlbWFfdmVyc2lvbiI6IjEifQ==",
          "dependencies": [
            "aws_key_pair.generated_key",
            "aws_security_group.allow_tlsp2",
            "aws_subnet.mysqlsubnet",
            "aws_vpc.main",
            "tls_private_key.example"
          ]
        }
      ]
    },
    {
      "mode": "managed",
      "type": "aws_instance",
      "name": "wordpress",
      "provider": "provider.aws",
      "instances": [
        {
          "schema_version": 1,
          "attributes": {
            "ami": "ami-004a955bfb611bf13",
            "arn": "arn:aws:ec2:ap-south-1:173168492248:instance/i-06e7bbe5e3235630e",
            "associate_public_ip_address": true,
            "availability_zone": "ap-south-1a",
            "cpu_core_count": 1,
            "cpu_threads_per_core": 1,
            "credit_specification": [
              {
                "cpu_credits": "standard"
              }
            ],
            "disable_api_termination": false,
            "ebs_block_device": [],
            "ebs_optimized": false,
            "ephemeral_block_device": [],
            "get_password_data": false,
            "hibernation": false,
            "host_id": null,
            "iam_instance_profile": "",
            "id": "i-06e7bbe5e3235630e",
            "instance_initiated_shutdown_behavior": null,
            "instance_state": "running",
            "instance_type": "t2.micro",
            "ipv6_address_count": 0,
            "ipv6_addresses": [],
            "key_name": "terraform-20200717061403311700000001",
            "metadata_options": [
              {
                "http_endpoint": "enabled",
                "http_put_response_hop_limit": 1,
                "http_tokens": "optional"
              }
            ],
            "monitoring": false,
            "network_interface": [],
            "network_interface_id": null,
            "outpost_arn": "",
            "password_data": "",
            "placement_group": "",
            "primary_network_interface_id": "eni-01d311ac4c3b9c4c6",
            "private_dns": "ip-192-168-1-134.ap-south-1.compute.internal",
            "private_ip": "192.168.1.134",
            "public_dns": "",
            "public_ip": "13.235.244.169",
            "root_block_device": [
              {
                "delete_on_termination": true,
                "device_name": "/dev/sda1",
                "encrypted": false,
                "iops": 100,
                "kms_key_id": "",
                "volume_id": "vol-0f23bd049593adfc9",
                "volume_size": 10,
                "volume_type": "gp2"
              }
            ],
            "security_groups": [],
            "source_dest_check": true,
            "subnet_id": "subnet-023f4c5094c39d1e3",
            "tags": {
              "Name": "Myfirstos"
            },
            "tenancy": "default",
            "timeouts": null,
            "user_data": null,
            "user_data_base64": null,
            "volume_tags": {},
            "vpc_security_group_ids": [
              "sg-0fa3e6ed56da092ca"
            ]
          },
          "private": "eyJlMmJmYjczMC1lY2FhLTExZTYtOGY4OC0zNDM2M2JjN2M0YzAiOnsiY3JlYXRlIjo2MDAwMDAwMDAwMDAsImRlbGV0ZSI6MTIwMDAwMDAwMDAwMCwidXBkYXRlIjo2MDAwMDAwMDAwMDB9LCJzY2hlbWFfdmVyc2lvbiI6IjEifQ==",
          "dependencies": [
            "aws_key_pair.generated_key",
            "aws_security_group.allow_tlsp",
            "aws_subnet.wordpresssubnet",
            "aws_vpc.main",
            "tls_private_key.example"
          ]
        }
      ]
    },
    {
      "mode": "managed",
      "type": "aws_internet_gateway",
      "name": "gw",
      "provider": "provider.aws",
      "instances": [
        {
          "schema_version": 0,
          "attributes": {
            "arn": "arn:aws:ec2:ap-south-1:173168492248:internet-gateway/igw-0620a80aeeaea3dce",
            "id": "igw-0620a80aeeaea3dce",
            "owner_id": "173168492248",
            "tags": {
              "Name": "main"
            },
            "vpc_id": "vpc-065f82b69b2b1fdb5"
          },
          "private": "bnVsbA==",
          "dependencies": [
            "aws_vpc.main"
          ]
        }
      ]
    },
    {
      "mode": "managed",
      "type": "aws_key_pair",
      "name": "generated_key",
      "provider": "provider.aws",
      "instances": [
        {
          "schema_version": 1,
          "attributes": {
            "arn": "arn:aws:ec2:ap-south-1:173168492248:key-pair/terraform-20200717061403311700000001",
            "fingerprint": "f8:55:0d:98:bb:02:40:0e:bf:3d:b9:b5:91:44:9c:76",
            "id": "terraform-20200717061403311700000001",
            "key_name": "terraform-20200717061403311700000001",
            "key_name_prefix": null,
            "key_pair_id": "key-016bcd05353166155",
            "public_key": "ssh-rsa AAAAB3NzaC1yc2EAAAADAQABAAACAQC1IAzsBUmYJfsc5CCoEwDpF8SPHOCM0Nu8Pco1a8/U0tQf63ogkLRyUPvk7FTy12/7gU+MctkTsNtqWdC28tT9+MfFs29saPI6rsLA5RRx+Z/yHYxPQnVx9YgXdpWtvLuE3N0dHFjxSnAnqEzMrR5CdAjGsasuWGI6SsKe1ROB1dmLoe4m+aTBxYSzoqMhXuR56nMDdQNWG1NMdpLDGe0deg4fn6gk7FqHZWzUh2TFgntY/5b29npDVCpzXJBW+TjDILRZrnS1s4lSL7rkDoBl/qH4Cg8qrfwHVbO+4c+NmbjknZ111C1BiPWchA980BVio7PvLvcrvLqGQlhYoNhZiaPbUPM+uD8dRJyRFZCGWz1cTa/RXUcOCjbeUdIra5aXnVdEZLqppYx3nTfCvLgBqK1mJSEjVKgNjQnx3aRewlJPYdEfJKF+X/XXHV+m4L7/U/DzU3qhMvjsmGmgJ7r8WaluUmSNijbn3Ebr0P5pZ9Hh77EuGMfktjWwZXa3yc73JrSaD30gdgPBqsI3/zJbWdjQHpOyIspwtz/k38zoaX3XsVKiSUCwBq0JAYAWhbGPgd2WfKgCGP+MZiVLpchMarHuHRu9cC3YESYdbIpCbR/pvVjkgI18yr1Y4u4a/R0p3jB3omFgZ0vVOOyLKosfjAUw5LUrswcOuwWqnoMonw==",
            "tags": null
          },
          "private": "eyJzY2hlbWFfdmVyc2lvbiI6IjEifQ==",
          "dependencies": [
            "tls_private_key.example"
          ]
        }
      ]
    },
    {
      "mode": "managed",
      "type": "aws_nat_gateway",
      "name": "gw1",
      "provider": "provider.aws",
      "instances": [
        {
          "schema_version": 0,
          "attributes": {
            "allocation_id": "eipalloc-0e84a04816c54afa1",
            "id": "nat-00c2d02bd6b1d7b61",
            "network_interface_id": "eni-08a8e638c6dbd76fe",
            "private_ip": "192.168.1.46",
            "public_ip": "15.207.52.248",
            "subnet_id": "subnet-023f4c5094c39d1e3",
            "tags": {
              "Name": "gw NAT"
            }
          },
          "private": "bnVsbA==",
          "dependencies": [
            "aws_eip.lb",
            "aws_internet_gateway.gw",
            "aws_subnet.wordpresssubnet",
            "aws_vpc.main"
          ]
        }
      ]
    },
    {
      "mode": "managed",
      "type": "aws_route",
      "name": "beta",
      "provider": "provider.aws",
      "instances": [
        {
          "schema_version": 0,
          "attributes": {
            "destination_cidr_block": "0.0.0.0/0",
            "destination_ipv6_cidr_block": "",
            "destination_prefix_list_id": "",
            "egress_only_gateway_id": "",
            "gateway_id": "igw-0620a80aeeaea3dce",
            "id": "r-rtb-0ee97557299419f351080289494",
            "instance_id": "",
            "instance_owner_id": "",
            "nat_gateway_id": "",
            "network_interface_id": "",
            "origin": "CreateRoute",
            "route_table_id": "rtb-0ee97557299419f35",
            "state": "active",
            "timeouts": null,
            "transit_gateway_id": "",
            "vpc_peering_connection_id": ""
          },
          "private": "eyJlMmJmYjczMC1lY2FhLTExZTYtOGY4OC0zNDM2M2JjN2M0YzAiOnsiY3JlYXRlIjoxMjAwMDAwMDAwMDAsImRlbGV0ZSI6MzAwMDAwMDAwMDAwfX0=",
          "dependencies": [
            "aws_internet_gateway.gw",
            "aws_route_table.r",
            "aws_vpc.main"
          ]
        }
      ]
    },
    {
      "mode": "managed",
      "type": "aws_route_table",
      "name": "r",
      "provider": "provider.aws",
      "instances": [
        {
          "schema_version": 0,
          "attributes": {
            "id": "rtb-0ee97557299419f35",
            "owner_id": "173168492248",
            "propagating_vgws": [],
            "route": [],
            "tags": {
              "Name": "main"
            },
            "vpc_id": "vpc-065f82b69b2b1fdb5"
          },
          "private": "bnVsbA==",
          "dependencies": [
            "aws_vpc.main"
          ]
        }
      ]
    },
    {
      "mode": "managed",
      "type": "aws_route_table",
      "name": "r1",
      "provider": "provider.aws",
      "instances": [
        {
          "schema_version": 0,
          "attributes": {
            "id": "rtb-064f8b4cd75a54838",
            "owner_id": "173168492248",
            "propagating_vgws": [],
            "route": [
              {
                "cidr_block": "0.0.0.0/0",
                "egress_only_gateway_id": "",
                "gateway_id": "",
                "instance_id": "",
                "ipv6_cidr_block": "",
                "nat_gateway_id": "nat-00c2d02bd6b1d7b61",
                "network_interface_id": "",
                "transit_gateway_id": "",
                "vpc_peering_connection_id": ""
              }
            ],
            "tags": {
              "Name": "main"
            },
            "vpc_id": "vpc-065f82b69b2b1fdb5"
          },
          "private": "bnVsbA==",
          "dependencies": [
            "aws_eip.lb",
            "aws_internet_gateway.gw",
            "aws_nat_gateway.gw1",
            "aws_subnet.wordpresssubnet",
            "aws_vpc.main"
          ]
        }
      ]
    },
    {
      "mode": "managed",
      "type": "aws_route_table_association",
      "name": "alpha",
      "provider": "provider.aws",
      "instances": [
        {
          "schema_version": 0,
          "attributes": {
            "gateway_id": null,
            "id": "rtbassoc-0a6c1032f25c48efc",
            "route_table_id": "rtb-0ee97557299419f35",
            "subnet_id": "subnet-023f4c5094c39d1e3"
          },
          "private": "bnVsbA==",
          "dependencies": [
            "aws_route_table.r",
            "aws_subnet.wordpresssubnet",
            "aws_vpc.main"
          ]
        }
      ]
    },
    {
      "mode": "managed",
      "type": "aws_route_table_association",
      "name": "alpha1",
      "provider": "provider.aws",
      "instances": [
        {
          "schema_version": 0,
          "attributes": {
            "gateway_id": null,
            "id": "rtbassoc-05ecf542024b77acc",
            "route_table_id": "rtb-064f8b4cd75a54838",
            "subnet_id": "subnet-0a78b251531fc136f"
          },
          "private": "bnVsbA==",
          "dependencies": [
            "aws_eip.lb",
            "aws_internet_gateway.gw",
            "aws_nat_gateway.gw1",
            "aws_route_table.r1",
            "aws_subnet.mysqlsubnet",
            "aws_subnet.wordpresssubnet",
            "aws_vpc.main"
          ]
        }
      ]
    },
    {
      "mode": "managed",
      "type": "aws_security_group",
      "name": "allow_tlsp",
      "provider": "provider.aws",
      "instances": [
        {
          "schema_version": 1,
          "attributes": {
            "arn": "arn:aws:ec2:ap-south-1:173168492248:security-group/sg-0fa3e6ed56da092ca",
            "description": "Allow TLS inbound traffic",
            "egress": [
              {
                "cidr_blocks": [
                  "0.0.0.0/0"
                ],
                "description": "",
                "from_port": 0,
                "ipv6_cidr_blocks": [],
                "prefix_list_ids": [],
                "protocol": "-1",
                "security_groups": [],
                "self": false,
                "to_port": 0
              }
            ],
            "id": "sg-0fa3e6ed56da092ca",
            "ingress": [
              {
                "cidr_blocks": [
                  "0.0.0.0/0"
                ],
                "description": "HTTP",
                "from_port": 80,
                "ipv6_cidr_blocks": [],
                "prefix_list_ids": [],
                "protocol": "tcp",
                "security_groups": [],
                "self": false,
                "to_port": 80
              },
              {
                "cidr_blocks": [
                  "0.0.0.0/0"
                ],
                "description": "SSH",
                "from_port": 22,
                "ipv6_cidr_blocks": [],
                "prefix_list_ids": [],
                "protocol": "tcp",
                "security_groups": [],
                "self": false,
                "to_port": 22
              }
            ],
            "name": "allow_tlsp",
            "name_prefix": null,
            "owner_id": "173168492248",
            "revoke_rules_on_delete": false,
            "tags": {
              "Name": "allow_tlsp"
            },
            "timeouts": null,
            "vpc_id": "vpc-065f82b69b2b1fdb5"
          },
          "private": "eyJlMmJmYjczMC1lY2FhLTExZTYtOGY4OC0zNDM2M2JjN2M0YzAiOnsiY3JlYXRlIjo2MDAwMDAwMDAwMDAsImRlbGV0ZSI6NjAwMDAwMDAwMDAwfSwic2NoZW1hX3ZlcnNpb24iOiIxIn0=",
          "dependencies": [
            "aws_vpc.main"
          ]
        }
      ]
    },
    {
      "mode": "managed",
      "type": "aws_security_group",
      "name": "allow_tlsp2",
      "provider": "provider.aws",
      "instances": [
        {
          "schema_version": 1,
          "attributes": {
            "arn": "arn:aws:ec2:ap-south-1:173168492248:security-group/sg-050aafa614db4a8cd",
            "description": "Allow TLS inbound traffic",
            "egress": [
              {
                "cidr_blocks": [
                  "0.0.0.0/0"
                ],
                "description": "",
                "from_port": 0,
                "ipv6_cidr_blocks": [],
                "prefix_list_ids": [],
                "protocol": "-1",
                "security_groups": [],
                "self": false,
                "to_port": 0
              }
            ],
            "id": "sg-050aafa614db4a8cd",
            "ingress": [
              {
                "cidr_blocks": [
                  "0.0.0.0/0"
                ],
                "description": "Mysql Protocol",
                "from_port": 3306,
                "ipv6_cidr_blocks": [],
                "prefix_list_ids": [],
                "protocol": "tcp",
                "security_groups": [],
                "self": false,
                "to_port": 3306
              }
            ],
            "name": "allow_tlsp2",
            "name_prefix": null,
            "owner_id": "173168492248",
            "revoke_rules_on_delete": false,
            "tags": {
              "Name": "allow_tlsp2"
            },
            "timeouts": null,
            "vpc_id": "vpc-065f82b69b2b1fdb5"
          },
          "private": "eyJlMmJmYjczMC1lY2FhLTExZTYtOGY4OC0zNDM2M2JjN2M0YzAiOnsiY3JlYXRlIjo2MDAwMDAwMDAwMDAsImRlbGV0ZSI6NjAwMDAwMDAwMDAwfSwic2NoZW1hX3ZlcnNpb24iOiIxIn0=",
          "dependencies": [
            "aws_vpc.main"
          ]
        }
      ]
    },
    {
      "mode": "managed",
      "type": "aws_subnet",
      "name": "mysqlsubnet",
      "provider": "provider.aws",
      "instances": [
        {
          "schema_version": 1,
          "attributes": {
            "arn": "arn:aws:ec2:ap-south-1:173168492248:subnet/subnet-0a78b251531fc136f",
            "assign_ipv6_address_on_creation": false,
            "availability_zone": "ap-south-1b",
            "availability_zone_id": "aps1-az3",
            "cidr_block": "192.168.2.0/24",
            "id": "subnet-0a78b251531fc136f",
            "ipv6_cidr_block": "",
            "ipv6_cidr_block_association_id": "",
            "map_public_ip_on_launch": false,
            "outpost_arn": "",
            "owner_id": "173168492248",
            "tags": {
              "Name": "mysqlsubnet"
            },
            "timeouts": null,
            "vpc_id": "vpc-065f82b69b2b1fdb5"
          },
          "private": "eyJlMmJmYjczMC1lY2FhLTExZTYtOGY4OC0zNDM2M2JjN2M0YzAiOnsiY3JlYXRlIjo2MDAwMDAwMDAwMDAsImRlbGV0ZSI6MTIwMDAwMDAwMDAwMH0sInNjaGVtYV92ZXJzaW9uIjoiMSJ9",
          "dependencies": [
            "aws_vpc.main"
          ]
        }
      ]
    },
    {
      "mode": "managed",
      "type": "aws_subnet",
      "name": "wordpresssubnet",
      "provider": "provider.aws",
      "instances": [
        {
          "schema_version": 1,
          "attributes": {
            "arn": "arn:aws:ec2:ap-south-1:173168492248:subnet/subnet-023f4c5094c39d1e3",
            "assign_ipv6_address_on_creation": false,
            "availability_zone": "ap-south-1a",
            "availability_zone_id": "aps1-az1",
            "cidr_block": "192.168.1.0/24",
            "id": "subnet-023f4c5094c39d1e3",
            "ipv6_cidr_block": "",
            "ipv6_cidr_block_association_id": "",
            "map_public_ip_on_launch": true,
            "outpost_arn": "",
            "owner_id": "173168492248",
            "tags": {
              "Name": "wordpresssubnet"
            },
            "timeouts": null,
            "vpc_id": "vpc-065f82b69b2b1fdb5"
          },
          "private": "eyJlMmJmYjczMC1lY2FhLTExZTYtOGY4OC0zNDM2M2JjN2M0YzAiOnsiY3JlYXRlIjo2MDAwMDAwMDAwMDAsImRlbGV0ZSI6MTIwMDAwMDAwMDAwMH0sInNjaGVtYV92ZXJzaW9uIjoiMSJ9",
          "dependencies": [
            "aws_vpc.main"
          ]
        }
      ]
    },
    {
      "mode": "managed",
      "type": "aws_vpc",
      "name": "main",
      "provider": "provider.aws",
      "instances": [
        {
          "schema_version": 1,
          "attributes": {
            "arn": "arn:aws:ec2:ap-south-1:173168492248:vpc/vpc-065f82b69b2b1fdb5",
            "assign_generated_ipv6_cidr_block": false,
            "cidr_block": "192.168.0.0/16",
            "default_network_acl_id": "acl-0c6d11977297d8d17",
            "default_route_table_id": "rtb-0fa90ba1215d8e4c6",
            "default_security_group_id": "sg-01a662c8a248c125b",
            "dhcp_options_id": "dopt-eebd7b85",
            "enable_classiclink": null,
            "enable_classiclink_dns_support": null,
            "enable_dns_hostnames": false,
            "enable_dns_support": true,
            "id": "vpc-065f82b69b2b1fdb5",
            "instance_tenancy": "default",
            "ipv6_association_id": "",
            "ipv6_cidr_block": "",
            "main_route_table_id": "rtb-0fa90ba1215d8e4c6",
            "owner_id": "173168492248",
            "tags": {
              "Name": "main"
            }
          },
          "private": "eyJzY2hlbWFfdmVyc2lvbiI6IjEifQ=="
        }
      ]
    },
    {
      "mode": "managed",
      "type": "tls_private_key",
      "name": "example",
      "provider": "provider.tls",
      "instances": [
        {
          "schema_version": 0,
          "attributes": {
            "algorithm": "RSA",
            "ecdsa_curve": "P224",
            "id": "04ec806723a7bbfe318f13e4867b460835527a9e",
            "private_key_pem": "-----BEGIN RSA PRIVATE KEY-----\nMIIJJwIBAAKCAgEAtSAM7AVJmCX7HOQgqBMA6RfEjxzgjNDbvD3KNWvP1NLUH+t6\nIJC0clD75OxU8tdv+4FPjHLZE7DbalnQtvLU/fjHxbNvbGjyOq7CwOUUcfmf8h2M\nT0J1cfWIF3aVrby7hNzdHRxY8UpwJ6hMzK0eQnQIxrGrLlhiOkrCntUTgdXZi6Hu\nJvmkwcWEs6KjIV7keepzA3UDVhtTTHaSwxntHXoOH5+oJOxah2Vs1IdkxYJ7WP+W\n9vZ6Q1Qqc1yQVvk4wyC0Wa50tbOJUi+65A6AZf6h+AoPKq38B1WzvuHPjZm45J2d\nddQtQYj1nIQPfNAVYqOz7y73K7y6hkJYWKDYWYmj21DzPrg/HUSckRWQhls9XE2v\n0V1HDgo23lHSK2uWl51XRGS6qaWMd503wry4AaitZiUhI1SoDY0J8d2kXsJST2HR\nHyShfl/11x1fpuC+/1Pw81N6oTL47JhpoCe6/FmpblJkjYo259xG69D+aWfR4e+x\nLhjH5LY1sGV2t8nO9ya0mg99IHYDwarCN/8yW1nY0B6TsiLKcLc/5N/M6Gl917FS\noklAsAatCQGAFoWxj4HdlnyoAhj/jGYlS6XITGqx7h0bvXAt2BEmHWyKQm0f6b1Y\n5ICNfMq9WOLuGv0dKd4wd6JhYGdL1TjsiyqLH4wFMOS1K7MHDrsFqp6DKJ8CAwEA\nAQKCAgA5W6b770i5B/4Xzh6RW0NEjaRPdeOedF3BpQeuFzA/w2wtl5KbUXfzY7YB\nbt4P8S2jRfX9EjmwRKeXbE3uQcQ1kV0iPIqimDFtZ/6Au4rX9SczsyvFxdQPfKPW\nWlVYKZZwosja+SkpcFtIE8IOZxxYCwrkcUs2aALjVt1/ExcUXLaBw4v5h8EnI/e8\nM1rZrIVKHnbBt4KQ+CJO6pXbdxBh708dsJ+84aRhkDsAqse8zG9nZblXCAL742F2\nGvASuuXA1VCHvflzuSFZh4f1xKngotyEAht/do2DfR5o6nWh7/ZfX5KHx+N1B3xQ\nTnnhGrxK+nB25DaeASxIbCYyGu2oFG7Ow1Yzqp7hGt3KKdv4UX6r/vW8knSfr/VP\n5BQr66N1B4WK+bWww7qq/aR3BADhyGfaeaoiERvJidffoEQXIpMSrgE4C06ic4bV\nD7zbntZsKmzxjtucdoHKTQdgHjgQT/nHNjXJQI2e2YHuDZUHl2SPFwyuD2rxdfX+\nk3o1giwElf9jpOLc4UTaExSPp9YN373thzthL92cwB+7oxgk9L0FHr9wkf7nnqAF\ntGcOsZdZs00P9Vccsb4LGR8bSOqX0IgCqMzeIo7v3nkyLgBt7uoaOUOtfUM2iY6F\n0075ycL0DqhJUXWIoXQeU1q+bdT5pLsKoAPhcKomIXDWqCHEIQKCAQEA59v2hAn1\nTLbkXsXfMxodWcUKFFu8pGYcQxd7RPWmIKe/AN0BdCibapwYEvLLuGW8BLREx6Z9\n5U8ZKyCr9U0DSy07Q2kfMdi6y1Mjx2/q81jhkVGddzP9YJrCeS0aJIcbTSJmDj0g\ngdVilu6m2YOM3N9llZG+x8MahclulzVsleOY9WNd++es4211zdIh/Gfw7Gbxh535\nI2mOZdAUVcd/iGUivpYrcXb49CsyTNd0INd5OVeJutCZWqzeE4uNJs72RbKscELJ\n7XihauJO/stSE8gTJ7Bwlj/rTp578UyMV4W/0hK58x9Ird3knFfzOZwGtTFhOZmT\ngjzjWrLmk6XCNwKCAQEAx/vPKcHNcYUqpEeSYqurnwZT4aFNu2eqTUPzGwVsZzAQ\nstieLat1tABZttR8jKxk21ZF7pSHP5BIBKQ0Kw1hJ+1VbnYilBe19fehw38l/Lfo\nzt6jf8xu893ST8QlCjs5ZDpePbo+Tb33Wv7SVN3yOPFFXhj1JlPL+pmLYMKZ+CAU\nCNviWTiFzVRclxCRNSuYHmedpOMdyJnwIvPgMcE4qc+8IUgOIEADIrHw5mJJbRdT\nmtAq381eOTgzIZqA/litQ8/gJRg31CegnTj33ANTIrLhhW0pYDEmp40e44KO6Lvg\n78Qj2JHfyQ+a0Oq4DedhvhMyPIfm+srTYjX/2ua42QKCAQA4g27UxDCcIEANsaEz\nrXvV86b/S1TxpUniOIj9R/rUHs75gOTn0TYAiEd95tws9+8aHm5dU4GAMQVrc602\nPy08V6wIREksNy1gfcVMyUS1R8bDSudctLlfoJkiPBIRMTVAWdASTGft/XroWwck\nIWJmO7Vg/YNI4Y9HaM+h3422AyG3Ph8cVV3YmUeLgVpzUUpx9K2OZrzhGstwmYU7\nW0MEldIgLi4sm9kWeqjp/eH6V0re5S1W8Z1Pcq82iF9BRFTWrDRHsJ/TWAHQMZUb\nmadJ1wyEMgdfN/k80nhXWlcixiD5LUNRtSBb8KfWS8GnGxavd3fBOGOx7PFlnBGD\nj3WFAoIBAEVAvzm/okxoiB7BpkDDIDh+sXeWK1v1hzUgjcRSuXp2W6IDf6tjD+yY\nnnjA1qzEWlzWYHtBNiDd7wKkdmheRsHT31zUTh8ootuduIgBtP7yFQ3mbYopGlca\n/uSekREc9z/tMot/vmmfmlQJoH7BKUtsyc/PJr3yENYka+7DFRymxylWM+kfuL4l\nM7cghph6E0CcMyxRdhPsswr3lzDDr8KmbIi98h5a7HsMUdcGPFUp2crnwaEk9jcs\nbhB596ecv8uW5hESdOrkGiu3+aVYBWcjuRNCfSyReMhXB1ZT9PdFcJy3OI6b3Xo8\nDCnCzqAJ+4AeF6x8h5FbwZ3mA0cj1OkCggEAYYWrIB/CRMGmgWi+E++CGNnuX7t/\n3cJ/4cBRbFVL7YNtvvu0rL0ec1rSsvLLMgYxfcT4aqyJzLAJ+6T3Zgq1rppJ8TE1\n5KMZAe70QdYLTBC9mtxJZwP4QqI/hdK3pkRsau/MoJMqp75xpLOjy7VxG3hswdAr\ncJ+sQZPhuH2yPLl1PEp9kJIzcNN3UBa+NT2lznEtB8KnYM33kfNaziAWZ/gHHI6u\n8jp8y3APMGgbtQLeM3GjC2XnKbU2UHuPYxcdQOzK6E/yNDjmAeNNe7q3F0wdzVUF\ndVBD2Gvp8r2HIieFCHVrN2XlCkJRQRvv4XC+8jWiDBvcI0qc1jc1f7cUqQ==\n-----END RSA PRIVATE KEY-----\n",
            "public_key_fingerprint_md5": "48:43:12:42:49:13:1b:07:37:6e:f6:69:cd:15:9b:7c",
            "public_key_openssh": "ssh-rsa AAAAB3NzaC1yc2EAAAADAQABAAACAQC1IAzsBUmYJfsc5CCoEwDpF8SPHOCM0Nu8Pco1a8/U0tQf63ogkLRyUPvk7FTy12/7gU+MctkTsNtqWdC28tT9+MfFs29saPI6rsLA5RRx+Z/yHYxPQnVx9YgXdpWtvLuE3N0dHFjxSnAnqEzMrR5CdAjGsasuWGI6SsKe1ROB1dmLoe4m+aTBxYSzoqMhXuR56nMDdQNWG1NMdpLDGe0deg4fn6gk7FqHZWzUh2TFgntY/5b29npDVCpzXJBW+TjDILRZrnS1s4lSL7rkDoBl/qH4Cg8qrfwHVbO+4c+NmbjknZ111C1BiPWchA980BVio7PvLvcrvLqGQlhYoNhZiaPbUPM+uD8dRJyRFZCGWz1cTa/RXUcOCjbeUdIra5aXnVdEZLqppYx3nTfCvLgBqK1mJSEjVKgNjQnx3aRewlJPYdEfJKF+X/XXHV+m4L7/U/DzU3qhMvjsmGmgJ7r8WaluUmSNijbn3Ebr0P5pZ9Hh77EuGMfktjWwZXa3yc73JrSaD30gdgPBqsI3/zJbWdjQHpOyIspwtz/k38zoaX3XsVKiSUCwBq0JAYAWhbGPgd2WfKgCGP+MZiVLpchMarHuHRu9cC3YESYdbIpCbR/pvVjkgI18yr1Y4u4a/R0p3jB3omFgZ0vVOOyLKosfjAUw5LUrswcOuwWqnoMonw==\n",
            "public_key_pem": "-----BEGIN PUBLIC KEY-----\nMIICIjANBgkqhkiG9w0BAQEFAAOCAg8AMIICCgKCAgEAtSAM7AVJmCX7HOQgqBMA\n6RfEjxzgjNDbvD3KNWvP1NLUH+t6IJC0clD75OxU8tdv+4FPjHLZE7DbalnQtvLU\n/fjHxbNvbGjyOq7CwOUUcfmf8h2MT0J1cfWIF3aVrby7hNzdHRxY8UpwJ6hMzK0e\nQnQIxrGrLlhiOkrCntUTgdXZi6HuJvmkwcWEs6KjIV7keepzA3UDVhtTTHaSwxnt\nHXoOH5+oJOxah2Vs1IdkxYJ7WP+W9vZ6Q1Qqc1yQVvk4wyC0Wa50tbOJUi+65A6A\nZf6h+AoPKq38B1WzvuHPjZm45J2dddQtQYj1nIQPfNAVYqOz7y73K7y6hkJYWKDY\nWYmj21DzPrg/HUSckRWQhls9XE2v0V1HDgo23lHSK2uWl51XRGS6qaWMd503wry4\nAaitZiUhI1SoDY0J8d2kXsJST2HRHyShfl/11x1fpuC+/1Pw81N6oTL47JhpoCe6\n/FmpblJkjYo259xG69D+aWfR4e+xLhjH5LY1sGV2t8nO9ya0mg99IHYDwarCN/8y\nW1nY0B6TsiLKcLc/5N/M6Gl917FSoklAsAatCQGAFoWxj4HdlnyoAhj/jGYlS6XI\nTGqx7h0bvXAt2BEmHWyKQm0f6b1Y5ICNfMq9WOLuGv0dKd4wd6JhYGdL1TjsiyqL\nH4wFMOS1K7MHDrsFqp6DKJ8CAwEAAQ==\n-----END PUBLIC KEY-----\n",
            "rsa_bits": 4096
          },
          "private": "bnVsbA=="
        }
      ]
    }
  ]
}
